
Microsoft Visual Studio Solution File, Format Version 12.00
# Visual Studio Version 17
VisualStudioVersion = 17.9.34616.47
MinimumVisualStudioVersion = 10.0.40219.1
Project("{9A19103F-16F7-4668-BE54-9A1E7A4F7556}") = "XiaoyaMetaSync", "XiaoyaMetaSync\XiaoyaMetaSync.csproj", "{A60E387A-51A0-48E2-8528-2AC9DEC39428}"
EndProject
Project("{FAE04EC0-301F-11D3-BF4B-00C04F79EFBC}") = "CoreLib", "CoreLib\CoreLib.csproj", "{FF73BB52-22B0-4D89-8252-46E8149108AB}"
EndProject
Global
	GlobalSection(SolutionConfigurationPlatforms) = preSolution
		Debug|Any CPU = Debug|Any CPU
		Release|Any CPU = Release|Any CPU
	EndGlobalSection
	GlobalSection(ProjectConfigurationPlatforms) = postSolution
		{A60E387A-51A0-48E2-8528-2AC9DEC39428}.Debug|Any CPU.ActiveCfg = Debug|Any CPU
		{A60E387A-51A0-48E2-8528-2AC9DEC39428}.Debug|Any CPU.Build.0 = Debug|Any CPU
		{A60E387A-51A0-48E2-8528-2AC9DEC39428}.Release|Any CPU.ActiveCfg = Release|Any CPU
		{A60E387A-51A0-48E2-8528-2AC9DEC39428}.Release|Any CPU.Build.0 = Release|Any CPU
		{FF73BB52-22B0-4D89-8252-46E8149108AB}.Debug|Any CPU.ActiveCfg = Debug|Any CPU
		{FF73BB52-22B0-4D89-8252-46E8149108AB}.Debug|Any CPU.Build.0 = Debug|Any CPU
		{FF73BB52-22B0-4D89-8252-46E8149108AB}.Release|Any CPU.ActiveCfg = Release|Any CPU
		{FF73BB52-22B0-4D89-8252-46E8149108AB}.Release|Any CPU.Build.0 = Release|Any CPU
	EndGlobalSection
	GlobalSection(SolutionProperties) = preSolution
		HideSolutionNode = FALSE
	EndGlobalSection
	GlobalSection(ExtensibilityGlobals) = postSolution
		SolutionGuid = {C64FE00B-5517-46DA-A9D6-1761BCF06B94}
	EndGlobalSection
EndGlobal
